github.com/OneThing98/containerpkg v0.0.0-20240828054228-bc4653df4ad0 h1:yr9/wyxS7HNbLyaEqKd2eTPCdkGmXP/ch9W2+POjaVY=
github.com/OneThing98/containerpkg v0.0.0-20240828054228-bc4653df4ad0/go.mod h1:cM/r0u4nmwTw/cglwHjEoVPEdt3cHxrz8peFLg7I9vw=
golang.org/x/sys v0.24.0 h1:Twjiwq9dn6R1fQcyiK+wQyHWfaz/BJB+YIpzU/Cv3Xg=
golang.org/x/sys v0.24.0/go.mod h1:/VUhepiaJMQUp4+oa/7Zr1D23ma6VTLIYjOOTFZPUcA=
